// !$*UTF8*$!
{
	archiveVersion = 1;
	classes = {
	};
	objectVersion = 48;
	objects = {

/* Begin PBXBuildFile section */
		109FEDEC0B38A426144A76F8 /* Pods_Moovup.framework in Frameworks */ = {isa = PBXBuildFile; fileRef = 62C847E1217D73D02708A99D /* Pods_Moovup.framework */; };
		1D0FC8B82124C8E90078E956 /* UIView+Extensions.swift in Sources */ = {isa = PBXBuildFile; fileRef = 1D0FC8B72124C8E90078E956 /* UIView+Extensions.swift */; };
		1D147FEC2122042600CCEC43 /* AppDelegate.swift in Sources */ = {isa = PBXBuildFile; fileRef = 1D147FEB2122042600CCEC43 /* AppDelegate.swift */; };
		1D147FEE2122042600CCEC43 /* ViewController.swift in Sources */ = {isa = PBXBuildFile; fileRef = 1D147FED2122042600CCEC43 /* ViewController.swift */; };
		1D147FF42122042600CCEC43 /* Moovup.xcdatamodeld in Sources */ = {isa = PBXBuildFile; fileRef = 1D147FF22122042600CCEC43 /* Moovup.xcdatamodeld */; };
		1D147FF62122042600CCEC43 /* Assets.xcassets in Resources */ = {isa = PBXBuildFile; fileRef = 1D147FF52122042600CCEC43 /* Assets.xcassets */; };
		1D147FF92122042600CCEC43 /* LaunchScreen.storyboard in Resources */ = {isa = PBXBuildFile; fileRef = 1D147FF72122042600CCEC43 /* LaunchScreen.storyboard */; };
		1D148004212208A800CCEC43 /* MUPerson.swift in Sources */ = {isa = PBXBuildFile; fileRef = 1D148003212208A800CCEC43 /* MUPerson.swift */; };
		1D14800821220F9600CCEC43 /* MUAPIManager.swift in Sources */ = {isa = PBXBuildFile; fileRef = 1D14800621220F9500CCEC43 /* MUAPIManager.swift */; };
		1D14800A21220FA300CCEC43 /* MUDataStore.swift in Sources */ = {isa = PBXBuildFile; fileRef = 1D14800921220FA300CCEC43 /* MUDataStore.swift */; };
		1D54066B212433A100E98C10 /* MUDBManager.swift in Sources */ = {isa = PBXBuildFile; fileRef = 1D54066A212433A100E98C10 /* MUDBManager.swift */; };
		1D54066D212474C700E98C10 /* libsqlite3.0.tbd in Frameworks */ = {isa = PBXBuildFile; fileRef = 1D54066C212474C600E98C10 /* libsqlite3.0.tbd */; };
		1D5406702124A10E00E98C10 /* MUReachability.swift in Sources */ = {isa = PBXBuildFile; fileRef = 1D54066F2124A10E00E98C10 /* MUReachability.swift */; };
		1DCEA9082122F9B500F05E10 /* MUPersonDetailsController.swift in Sources */ = {isa = PBXBuildFile; fileRef = 1DCEA9072122F9B500F05E10 /* MUPersonDetailsController.swift */; };
/* End PBXBuildFile section */

/* Begin PBXFileReference section */
		1D0FC8B72124C8E90078E956 /* UIView+Extensions.swift */ = {isa = PBXFileReference; fileEncoding = 4; lastKnownFileType = sourcecode.swift; path = "UIView+Extensions.swift"; sourceTree = "<group>"; };
		1D147FE82122042600CCEC43 /* Moovup.app */ = {isa = PBXFileReference; explicitFileType = wrapper.application; includeInIndex = 0; path = Moovup.app; sourceTree = BUILT_PRODUCTS_DIR; };
		1D147FEB2122042600CCEC43 /* AppDelegate.swift */ = {isa = PBXFileReference; lastKnownFileType = sourcecode.swift; path = AppDelegate.swift; sourceTree = "<group>"; };
		1D147FED2122042600CCEC43 /* ViewController.swift */ = {isa = PBXFileReference; lastKnownFileType = sourcecode.swift; path = ViewController.swift; sourceTree = "<group>"; };
		1D147FF32122042600CCEC43 /* Moovup.xcdatamodel */ = {isa = PBXFileReference; lastKnownFileType = wrapper.xcdatamodel; path = Moovup.xcdatamodel; sourceTree = "<group>"; };
		1D147FF52122042600CCEC43 /* Assets.xcassets */ = {isa = PBXFileReference; lastKnownFileType = folder.assetcatalog; path = Assets.xcassets; sourceTree = "<group>"; };
		1D147FF82122042600CCEC43 /* Base */ = {isa = PBXFileReference; lastKnownFileType = file.storyboard; name = Base; path = Base.lproj/LaunchScreen.storyboard; sourceTree = "<group>"; };
		1D147FFA2122042600CCEC43 /* Info.plist */ = {isa = PBXFileReference; lastKnownFileType = text.plist.xml; path = Info.plist; sourceTree = "<group>"; };
		1D148003212208A800CCEC43 /* MUPerson.swift */ = {isa = PBXFileReference; lastKnownFileType = sourcecode.swift; path = MUPerson.swift; sourceTree = "<group>"; };
		1D14800621220F9500CCEC43 /* MUAPIManager.swift */ = {isa = PBXFileReference; fileEncoding = 4; lastKnownFileType = sourcecode.swift; path = MUAPIManager.swift; sourceTree = "<group>"; };
		1D14800921220FA300CCEC43 /* MUDataStore.swift */ = {isa = PBXFileReference; lastKnownFileType = sourcecode.swift; path = MUDataStore.swift; sourceTree = "<group>"; };
		1D54066A212433A100E98C10 /* MUDBManager.swift */ = {isa = PBXFileReference; lastKnownFileType = sourcecode.swift; path = MUDBManager.swift; sourceTree = "<group>"; };
		1D54066C212474C600E98C10 /* libsqlite3.0.tbd */ = {isa = PBXFileReference; lastKnownFileType = "sourcecode.text-based-dylib-definition"; name = libsqlite3.0.tbd; path = usr/lib/libsqlite3.0.tbd; sourceTree = SDKROOT; };
		1D54066F2124A10E00E98C10 /* MUReachability.swift */ = {isa = PBXFileReference; lastKnownFileType = sourcecode.swift; path = MUReachability.swift; sourceTree = "<group>"; };
		1DCEA9072122F9B500F05E10 /* MUPersonDetailsController.swift */ = {isa = PBXFileReference; lastKnownFileType = sourcecode.swift; path = MUPersonDetailsController.swift; sourceTree = "<group>"; };
		361512778C6238A7DB3A93BB /* Pods-Moovup.release.xcconfig */ = {isa = PBXFileReference; includeInIndex = 1; lastKnownFileType = text.xcconfig; name = "Pods-Moovup.release.xcconfig"; path = "Pods/Target Support Files/Pods-Moovup/Pods-Moovup.release.xcconfig"; sourceTree = "<group>"; };
		44AF113C27BC0882D0A5E957 /* Pods-Moovup.debug.xcconfig */ = {isa = PBXFileReference; includeInIndex = 1; lastKnownFileType = text.xcconfig; name = "Pods-Moovup.debug.xcconfig"; path = "Pods/Target Support Files/Pods-Moovup/Pods-Moovup.debug.xcconfig"; sourceTree = "<group>"; };
		62C847E1217D73D02708A99D /* Pods_Moovup.framework */ = {isa = PBXFileReference; explicitFileType = wrapper.framework; includeInIndex = 0; path = Pods_Moovup.framework; sourceTree = BUILT_PRODUCTS_DIR; };
/* End PBXFileReference section */

/* Begin PBXFrameworksBuildPhase section */
		1D147FE52122042600CCEC43 /* Frameworks */ = {
			isa = PBXFrameworksBuildPhase;
			buildActionMask = 2147483647;
			files = (
				1D54066D212474C700E98C10 /* libsqlite3.0.tbd in Frameworks */,
				109FEDEC0B38A426144A76F8 /* Pods_Moovup.framework in Frameworks */,
			);
			runOnlyForDeploymentPostprocessing = 0;
		};
/* End PBXFrameworksBuildPhase section */

/* Begin PBXGroup section */
		197428E17AD37A3319506728 /* Frameworks */ = {
			isa = PBXGroup;
			children = (
				1D54066C212474C600E98C10 /* libsqlite3.0.tbd */,
				62C847E1217D73D02708A99D /* Pods_Moovup.framework */,
			);
			name = Frameworks;
			sourceTree = "<group>";
		};
		1D0FC8B62124C8E10078E956 /* Libraries */ = {
			isa = PBXGroup;
			children = (
				1D0FC8B72124C8E90078E956 /* UIView+Extensions.swift */,
			);
			path = Libraries;
			sourceTree = "<group>";
		};
		1D147FDF2122042600CCEC43 = {
			isa = PBXGroup;
			children = (
				1D147FEA2122042600CCEC43 /* Moovup */,
				1D147FE92122042600CCEC43 /* Products */,
				E6641A1BE55B919AB06462F5 /* Pods */,
				197428E17AD37A3319506728 /* Frameworks */,
			);
			sourceTree = "<group>";
		};
		1D147FE92122042600CCEC43 /* Products */ = {
			isa = PBXGroup;
			children = (
				1D147FE82122042600CCEC43 /* Moovup.app */,
			);
			name = Products;
			sourceTree = "<group>";
		};
		1D147FEA2122042600CCEC43 /* Moovup */ = {
			isa = PBXGroup;
			children = (
				1D147FEB2122042600CCEC43 /* AppDelegate.swift */,
				1D147FED2122042600CCEC43 /* ViewController.swift */,
				1DCEA9072122F9B500F05E10 /* MUPersonDetailsController.swift */,
				1D54066E2124A10200E98C10 /* Reachability */,
				1D14800521220F9500CCEC43 /* APIManager */,
				1D1480022122089C00CCEC43 /* Model */,
				1D14800721220F9600CCEC43 /* DataStore */,
				1D0FC8B62124C8E10078E956 /* Libraries */,
				1D147FF52122042600CCEC43 /* Assets.xcassets */,
				1D147FFA2122042600CCEC43 /* Info.plist */,
				1D147FF22122042600CCEC43 /* Moovup.xcdatamodeld */,
				1D147FF72122042600CCEC43 /* LaunchScreen.storyboard */,
			);
			path = Moovup;
			sourceTree = "<group>";
		};
		1D1480022122089C00CCEC43 /* Model */ = {
			isa = PBXGroup;
			children = (
				1D148003212208A800CCEC43 /* MUPerson.swift */,
			);
			path = Model;
			sourceTree = "<group>";
		};
		1D14800521220F9500CCEC43 /* APIManager */ = {
			isa = PBXGroup;
			children = (
				1D14800621220F9500CCEC43 /* MUAPIManager.swift */,
			);
			path = APIManager;
			sourceTree = "<group>";
		};
		1D14800721220F9600CCEC43 /* DataStore */ = {
			isa = PBXGroup;
			children = (
				1D14800921220FA300CCEC43 /* MUDataStore.swift */,
				1D54066A212433A100E98C10 /* MUDBManager.swift */,
			);
			path = DataStore;
			sourceTree = "<group>";
		};
		1D54066E2124A10200E98C10 /* Reachability */ = {
			isa = PBXGroup;
			children = (
				1D54066F2124A10E00E98C10 /* MUReachability.swift */,
			);
			path = Reachability;
			sourceTree = "<group>";
		};
		E6641A1BE55B919AB06462F5 /* Pods */ = {
			isa = PBXGroup;
			children = (
				44AF113C27BC0882D0A5E957 /* Pods-Moovup.debug.xcconfig */,
				361512778C6238A7DB3A93BB /* Pods-Moovup.release.xcconfig */,
			);
			name = Pods;
			sourceTree = "<group>";
		};
/* End PBXGroup section */

/* Begin PBXNativeTarget section */
		1D147FE72122042600CCEC43 /* Moovup */ = {
			isa = PBXNativeTarget;
			buildConfigurationList = 1D147FFD2122042600CCEC43 /* Build configuration list for PBXNativeTarget "Moovup" */;
			buildPhases = (
				CAC375339F7E6BB954C2A874 /* [CP] Check Pods Manifest.lock */,
				1D147FE42122042600CCEC43 /* Sources */,
				1D147FE52122042600CCEC43 /* Frameworks */,
				1D147FE62122042600CCEC43 /* Resources */,
				0BD4E6F9A6188358550DE8BE /* [CP] Embed Pods Frameworks */,
			);
			buildRules = (
			);
			dependencies = (
			);
			name = Moovup;
			productName = Moovup;
			productReference = 1D147FE82122042600CCEC43 /* Moovup.app */;
			productType = "com.apple.product-type.application";
		};
/* End PBXNativeTarget section */

/* Begin PBXProject section */
		1D147FE02122042600CCEC43 /* Project object */ = {
			isa = PBXProject;
			attributes = {
				LastSwiftUpdateCheck = 0920;
				LastUpgradeCheck = 0920;
				ORGANIZATIONNAME = ViswaBharathD;
				TargetAttributes = {
					1D147FE72122042600CCEC43 = {
						CreatedOnToolsVersion = 9.2;
						ProvisioningStyle = Automatic;
					};
				};
			};
			buildConfigurationList = 1D147FE32122042600CCEC43 /* Build configuration list for PBXProject "Moovup" */;
			compatibilityVersion = "Xcode 8.0";
			developmentRegion = en;
			hasScannedForEncodings = 0;
			knownRegions = (
				en,
				Base,
			);
			mainGroup = 1D147FDF2122042600CCEC43;
			productRefGroup = 1D147FE92122042600CCEC43 /* Products */;
			projectDirPath = "";
			projectRoot = "";
			targets = (
				1D147FE72122042600CCEC43 /* Moovup */,
			);
		};
/* End PBXProject section */

/* Begin PBXResourcesBuildPhase section */
		1D147FE62122042600CCEC43 /* Resources */ = {
			isa = PBXResourcesBuildPhase;
			buildActionMask = 2147483647;
			files = (
				1D147FF92122042600CCEC43 /* LaunchScreen.storyboard in Resources */,
				1D147FF62122042600CCEC43 /* Assets.xcassets in Resources */,
			);
			runOnlyForDeploymentPostprocessing = 0;
		};
/* End PBXResourcesBuildPhase section */

/* Begin PBXShellScriptBuildPhase section */
		0BD4E6F9A6188358550DE8BE /* [CP] Embed Pods Frameworks */ = {
			isa = PBXShellScriptBuildPhase;
			buildActionMask = 2147483647;
			files = (
			);
			inputPaths = (
				"${SRCROOT}/Pods/Target Support Files/Pods-Moovup/Pods-Moovup-frameworks.sh",
				"${BUILT_PRODUCTS_DIR}/AMShimmer/AMShimmer.framework",
				"${BUILT_PRODUCTS_DIR}/SDWebImage/SDWebImage.framework",
				"${BUILT_PRODUCTS_DIR}/TableFlip/TableFlip.framework",
				"${BUILT_PRODUCTS_DIR}/Toast-Swift/Toast_Swift.framework",
			);
			name = "[CP] Embed Pods Frameworks";
			outputPaths = (
				"${TARGET_BUILD_DIR}/${FRAMEWORKS_FOLDER_PATH}/AMShimmer.framework",
				"${TARGET_BUILD_DIR}/${FRAMEWORKS_FOLDER_PATH}/SDWebImage.framework",
				"${TARGET_BUILD_DIR}/${FRAMEWORKS_FOLDER_PATH}/TableFlip.framework",
				"${TARGET_BUILD_DIR}/${FRAMEWORKS_FOLDER_PATH}/Toast_Swift.framework",
			);
			runOnlyForDeploymentPostprocessing = 0;
			shellPath = /bin/sh;
			shellScript = "\"${SRCROOT}/Pods/Target Support Files/Pods-Moovup/Pods-Moovup-frameworks.sh\"\n";
			showEnvVarsInLog = 0;
		};
		CAC375339F7E6BB954C2A874 /* [CP] Check Pods Manifest.lock */ = {
			isa = PBXShellScriptBuildPhase;
			buildActionMask = 2147483647;
			files = (
			);
			inputPaths = (
				"${PODS_PODFILE_DIR_PATH}/Podfile.lock",
				"${PODS_ROOT}/Manifest.lock",
			);
			name = "[CP] Check Pods Manifest.lock";
			outputPaths = (
				"$(DERIVED_FILE_DIR)/Pods-Moovup-checkManifestLockResult.txt",
			);
			runOnlyForDeploymentPostprocessing = 0;
			shellPath = /bin/sh;
			shellScript = "diff \"${PODS_PODFILE_DIR_PATH}/Podfile.lock\" \"${PODS_ROOT}/Manifest.lock\" > /dev/null\nif [ $? != 0 ] ; then\n    # print error to STDERR\n    echo \"error: The sandbox is not in sync with the Podfile.lock. Run 'pod install' or update your CocoaPods installation.\" >&2\n    exit 1\nfi\n# This output is used by Xcode 'outputs' to avoid re-running this script phase.\necho \"SUCCESS\" > \"${SCRIPT_OUTPUT_FILE_0}\"\n";
			showEnvVarsInLog = 0;
		};
/* End PBXShellScriptBuildPhase section */

/* Begin PBXSourcesBuildPhase section */
		1D147FE42122042600CCEC43 /* Sources */ = {
			isa = PBXSourcesBuildPhase;
			buildActionMask = 2147483647;
			files = (
				1D5406702124A10E00E98C10 /* MUReachability.swift in Sources */,
				1D147FF42122042600CCEC43 /* Moovup.xcdatamodeld in Sources */,
				1D0FC8B82124C8E90078E956 /* UIView+Extensions.swift in Sources */,
				1D14800A21220FA300CCEC43 /* MUDataStore.swift in Sources */,
				1DCEA9082122F9B500F05E10 /* MUPersonDetailsController.swift in Sources */,
				1D147FEE2122042600CCEC43 /* ViewController.swift in Sources */,
				1D148004212208A800CCEC43 /* MUPerson.swift in Sources */,
				1D147FEC2122042600CCEC43 /* AppDelegate.swift in Sources */,
				1D14800821220F9600CCEC43 /* MUAPIManager.swift in Sources */,
				1D54066B212433A100E98C10 /* MUDBManager.swift in Sources */,
			);
			runOnlyForDeploymentPostprocessing = 0;
		};
/* End PBXSourcesBuildPhase section */

/* Begin PBXVariantGroup section */
		1D147FF72122042600CCEC43 /* LaunchScreen.storyboard */ = {
			isa = PBXVariantGroup;
			children = (
				1D147FF82122042600CCEC43 /* Base */,
			);
			name = LaunchScreen.storyboard;
			sourceTree = "<group>";
		};
/* End PBXVariantGroup section */

/* Begin XCBuildConfiguration section */
		1D147FFB2122042600CCEC43 /* Debug */ = {
			isa = XCBuildConfiguration;
			buildSettings = {
				ALWAYS_SEARCH_USER_PATHS = NO;
				CLANG_ANALYZER_NONNULL = YES;
				CLANG_ANALYZER_NUMBER_OBJECT_CONVERSION = YES_AGGRESSIVE;
				CLANG_CXX_LANGUAGE_STANDARD = "gnu++14";
				CLANG_CXX_LIBRARY = "libc++";
				CLANG_ENABLE_MODULES = YES;
				CLANG_ENABLE_OBJC_ARC = YES;
				CLANG_WARN_BLOCK_CAPTURE_AUTORELEASING = YES;
				CLANG_WARN_BOOL_CONVERSION = YES;
				CLANG_WARN_COMMA = YES;
				CLANG_WARN_CONSTANT_CONVERSION = YES;
				CLANG_WARN_DIRECT_OBJC_ISA_USAGE = YES_ERROR;
				CLANG_WARN_DOCUMENTATION_COMMENTS = YES;
				CLANG_WARN_EMPTY_BODY = YES;
				CLANG_WARN_ENUM_CONVERSION = YES;
				CLANG_WARN_INFINITE_RECURSION = YES;
				CLANG_WARN_INT_CONVERSION = YES;
				CLANG_WARN_NON_LITERAL_NULL_CONVERSION = YES;
				CLANG_WARN_OBJC_LITERAL_CONVERSION = YES;
				CLANG_WARN_OBJC_ROOT_CLASS = YES_ERROR;
				CLANG_WARN_RANGE_LOOP_ANALYSIS = YES;
				CLANG_WARN_STRICT_PROTOTYPES = YES;
				CLANG_WARN_SUSPICIOUS_MOVE = YES;
				CLANG_WARN_UNGUARDED_AVAILABILITY = YES_AGGRESSIVE;
				CLANG_WARN_UNREACHABLE_CODE = YES;
				CLANG_WARN__DUPLICATE_METHOD_MATCH = YES;
				CODE_SIGN_IDENTITY = "iPhone Developer";
				COPY_PHASE_STRIP = NO;
				DEBUG_INFORMATION_FORMAT = dwarf;
				ENABLE_STRICT_OBJC_MSGSEND = YES;
				ENABLE_TESTABILITY = YES;
				GCC_C_LANGUAGE_STANDARD = gnu11;
				GCC_DYNAMIC_NO_PIC = NO;
				GCC_NO_COMMON_BLOCKS = YES;
				GCC_OPTIMIZATION_LEVEL = 0;
				GCC_PREPROCESSOR_DEFINITIONS = (
					"DEBUG=1",
					"$(inherited)",
				);
				GCC_WARN_64_TO_32_BIT_CONVERSION = YES;
				GCC_WARN_ABOUT_RETURN_TYPE = YES_ERROR;
				GCC_WARN_UNDECLARED_SELECTOR = YES;
				GCC_WARN_UNINITIALIZED_AUTOS = YES_AGGRESSIVE;
				GCC_WARN_UNUSED_FUNCTION = YES;
				GCC_WARN_UNUSED_VARIABLE = YES;
				IPHONEOS_DEPLOYMENT_TARGET = 11.2;
				MTL_ENABLE_DEBUG_INFO = YES;
				ONLY_ACTIVE_ARCH = YES;
				SDKROOT = iphoneos;
				SWIFT_ACTIVE_COMPILATION_CONDITIONS = DEBUG;
				SWIFT_OPTIMIZATION_LEVEL = "-Onone";
			};
			name = Debug;
		};
		1D147FFC2122042600CCEC43 /* Release */ = {
			isa = XCBuildConfiguration;
			buildSettings = {
				ALWAYS_SEARCH_USER_PATHS = NO;
				CLANG_ANALYZER_NONNULL = YES;
				CLANG_ANALYZER_NUMBER_OBJECT_CONVERSION = YES_AGGRESSIVE;
				CLANG_CXX_LANGUAGE_STANDARD = "gnu++14";
				CLANG_CXX_LIBRARY = "libc++";
				CLANG_ENABLE_MODULES = YES;
				CLANG_ENABLE_OBJC_ARC = YES;
				CLANG_WARN_BLOCK_CAPTURE_AUTORELEASING = YES;
				CLANG_WARN_BOOL_CONVERSION = YES;
				CLANG_WARN_COMMA = YES;
				CLANG_WARN_CONSTANT_CONVERSION = YES;
				CLANG_WARN_DIRECT_OBJC_ISA_USAGE = YES_ERROR;
				CLANG_WARN_DOCUMENTATION_COMMENTS = YES;
				CLANG_WARN_EMPTY_BODY = YES;
				CLANG_WARN_ENUM_CONVERSION = YES;
				CLANG_WARN_INFINITE_RECURSION = YES;
				CLANG_WARN_INT_CONVERSION = YES;
				CLANG_WARN_NON_LITERAL_NULL_CONVERSION = YES;
				CLANG_WARN_OBJC_LITERAL_CONVERSION = YES;
				CLANG_WARN_OBJC_ROOT_CLASS = YES_ERROR;
				CLANG_WARN_RANGE_LOOP_ANALYSIS = YES;
				CLANG_WARN_STRICT_PROTOTYPES = YES;
				CLANG_WARN_SUSPICIOUS_MOVE = YES;
				CLANG_WARN_UNGUARDED_AVAILABILITY = YES_AGGRESSIVE;
				CLANG_WARN_UNREACHABLE_CODE = YES;
				CLANG_WARN__DUPLICATE_METHOD_MATCH = YES;
				CODE_SIGN_IDENTITY = "iPhone Developer";
				COPY_PHASE_STRIP = NO;
				DEBUG_INFORMATION_FORMAT = "dwarf-with-dsym";
				ENABLE_NS_ASSERTIONS = NO;
				ENABLE_STRICT_OBJC_MSGSEND = YES;
				GCC_C_LANGUAGE_STANDARD = gnu11;
				GCC_NO_COMMON_BLOCKS = YES;
				GCC_WARN_64_TO_32_BIT_CONVERSION = YES;
				GCC_WARN_ABOUT_RETURN_TYPE = YES_ERROR;
				GCC_WARN_UNDECLARED_SELECTOR = YES;
				GCC_WARN_UNINITIALIZED_AUTOS = YES_AGGRESSIVE;
				GCC_WARN_UNUSED_FUNCTION = YES;
				GCC_WARN_UNUSED_VARIABLE = YES;
				IPHONEOS_DEPLOYMENT_TARGET = 11.2;
				MTL_ENABLE_DEBUG_INFO = NO;
				SDKROOT = iphoneos;
				SWIFT_OPTIMIZATION_LEVEL = "-Owholemodule";
				VALIDATE_PRODUCT = YES;
			};
			name = Release;
		};
		1D147FFE2122042600CCEC43 /* Debug */ = {
			isa = XCBuildConfiguration;
			baseConfigurationReference = 44AF113C27BC0882D0A5E957 /* Pods-Moovup.debug.xcconfig */;
			buildSettings = {
				ASSETCATALOG_COMPILER_APPICON_NAME = AppIcon;
				CODE_SIGN_STYLE = Automatic;
				INFOPLIST_FILE = Moovup/Info.plist;
				IPHONEOS_DEPLOYMENT_TARGET = 10.0;
				LD_RUNPATH_SEARCH_PATHS = "$(inherited) @executable_path/Frameworks";
				PRODUCT_BUNDLE_IDENTIFIER = com.viswa.Moovup;
				PRODUCT_NAME = "$(TARGET_NAME)";
				SWIFT_VERSION = 4.0;
				TARGETED_DEVICE_FAMILY = "1,2";
			};
			name = Debug;
		};
		1D147FFF2122042600CCEC43 /* Release */ = {
			isa = XCBuildConfiguration;
			baseConfigurationReference = 361512778C6238A7DB3A93BB /* Pods-Moovup.release.xcconfig */;
			buildSettings = {
				ASSETCATALOG_COMPILER_APPICON_NAME = AppIcon;
				CODE_SIGN_STYLE = Automatic;
				INFOPLIST_FILE = Moovup/Info.plist;
				IPHONEOS_DEPLOYMENT_TARGET = 10.0;
				LD_RUNPATH_SEARCH_PATHS = "$(inherited) @executable_path/Frameworks";
				PRODUCT_BUNDLE_IDENTIFIER = com.viswa.Moovup;
				PRODUCT_NAME = "$(TARGET_NAME)";
				SWIFT_VERSION = 4.0;
				TARGETED_DEVICE_FAMILY = "1,2";
			};
			name = Release;
		};
/* End XCBuildConfiguration section */

/* Begin XCConfigurationList section */
		1D147FE32122042600CCEC43 /* Build configuration list for PBXProject "Moovup" */ = {
			isa = XCConfigurationList;
			buildConfigurations = (
				1D147FFB2122042600CCEC43 /* Debug */,
				1D147FFC2122042600CCEC43 /* Release */,
			);
			defaultConfigurationIsVisible = 0;
			defaultConfigurationName = Release;
		};
		1D147FFD2122042600CCEC43 /* Build configuration list for PBXNativeTarget "Moovup" */ = {
			isa = XCConfigurationList;
			buildConfigurations = (
				1D147FFE2122042600CCEC43 /* Debug */,
				1D147FFF2122042600CCEC43 /* Release */,
			);
			defaultConfigurationIsVisible = 0;
			defaultConfigurationName = Release;
		};
/* End XCConfigurationList section */

/* Begin XCVersionGroup section */
		1D147FF22122042600CCEC43 /* Moovup.xcdatamodeld */ = {
			isa = XCVersionGroup;
			children = (
				1D147FF32122042600CCEC43 /* Moovup.xcdatamodel */,
			);
			currentVersion = 1D147FF32122042600CCEC43 /* Moovup.xcdatamodel */;
			path = Moovup.xcdatamodeld;
			sourceTree = "<group>";
			versionGroupType = wrapper.xcdatamodel;
		};
/* End XCVersionGroup section */
	};
	rootObject = 1D147FE02122042600CCEC43 /* Project object */;
}
